// !$*UTF8*$!
{
	archiveVersion = 1;
	classes = {
	};
	objectVersion = 46;
	objects = {

/* Begin PBXBuildFile section */
		FE1E569F1C4F351E0042B258 /* UClient.swift in Sources */ = {isa = PBXBuildFile; fileRef = FE1E569E1C4F351E0042B258 /* UClient.swift */; };
		FE1E56A11C4F38AB0042B258 /* UConstants.swift in Sources */ = {isa = PBXBuildFile; fileRef = FE1E56A01C4F38AB0042B258 /* UConstants.swift */; };
		FE6C2C431C5114A7004A0963 /* StudentsMapViewController.swift in Sources */ = {isa = PBXBuildFile; fileRef = FE6C2C421C5114A7004A0963 /* StudentsMapViewController.swift */; };
		FE6C2C491C5132A9004A0963 /* StudentsListViewController.swift in Sources */ = {isa = PBXBuildFile; fileRef = FE6C2C481C5132A9004A0963 /* StudentsListViewController.swift */; };
		FEDAFE521C422F81006055B6 /* AppDelegate.swift in Sources */ = {isa = PBXBuildFile; fileRef = FEDAFE511C422F81006055B6 /* AppDelegate.swift */; };
		FEDAFE571C422F81006055B6 /* Main.storyboard in Resources */ = {isa = PBXBuildFile; fileRef = FEDAFE551C422F81006055B6 /* Main.storyboard */; };
		FEDAFE591C422F81006055B6 /* Assets.xcassets in Resources */ = {isa = PBXBuildFile; fileRef = FEDAFE581C422F81006055B6 /* Assets.xcassets */; };
		FEDAFE5C1C422F81006055B6 /* LaunchScreen.storyboard in Resources */ = {isa = PBXBuildFile; fileRef = FEDAFE5A1C422F81006055B6 /* LaunchScreen.storyboard */; };
		FEDAFE671C42332A006055B6 /* LoginViewController.swift in Sources */ = {isa = PBXBuildFile; fileRef = FEDAFE661C42332A006055B6 /* LoginViewController.swift */; };
/* End PBXBuildFile section */

/* Begin PBXFileReference section */
		FE1E569E1C4F351E0042B258 /* UClient.swift */ = {isa = PBXFileReference; fileEncoding = 4; lastKnownFileType = sourcecode.swift; name = UClient.swift; path = Model/Udacity/UClient.swift; sourceTree = "<group>"; };
		FE1E56A01C4F38AB0042B258 /* UConstants.swift */ = {isa = PBXFileReference; fileEncoding = 4; lastKnownFileType = sourcecode.swift; name = UConstants.swift; path = Model/Udacity/UConstants.swift; sourceTree = "<group>"; };
		FE6C2C421C5114A7004A0963 /* StudentsMapViewController.swift */ = {isa = PBXFileReference; fileEncoding = 4; lastKnownFileType = sourcecode.swift; name = StudentsMapViewController.swift; path = Controller/StudentsMapViewController.swift; sourceTree = "<group>"; };
		FE6C2C481C5132A9004A0963 /* StudentsListViewController.swift */ = {isa = PBXFileReference; fileEncoding = 4; lastKnownFileType = sourcecode.swift; name = StudentsListViewController.swift; path = Controller/StudentsListViewController.swift; sourceTree = "<group>"; };
		FEDAFE4E1C422F80006055B6 /* On the Map.app */ = {isa = PBXFileReference; explicitFileType = wrapper.application; includeInIndex = 0; path = "On the Map.app"; sourceTree = BUILT_PRODUCTS_DIR; };
		FEDAFE511C422F81006055B6 /* AppDelegate.swift */ = {isa = PBXFileReference; lastKnownFileType = sourcecode.swift; path = AppDelegate.swift; sourceTree = "<group>"; };
		FEDAFE561C422F81006055B6 /* Base */ = {isa = PBXFileReference; lastKnownFileType = file.storyboard; name = Base; path = Base.lproj/Main.storyboard; sourceTree = "<group>"; };
		FEDAFE581C422F81006055B6 /* Assets.xcassets */ = {isa = PBXFileReference; lastKnownFileType = folder.assetcatalog; path = Assets.xcassets; sourceTree = "<group>"; };
		FEDAFE5B1C422F81006055B6 /* Base */ = {isa = PBXFileReference; lastKnownFileType = file.storyboard; name = Base; path = Base.lproj/LaunchScreen.storyboard; sourceTree = "<group>"; };
		FEDAFE5D1C422F81006055B6 /* Info.plist */ = {isa = PBXFileReference; lastKnownFileType = text.plist.xml; path = Info.plist; sourceTree = "<group>"; };
		FEDAFE661C42332A006055B6 /* LoginViewController.swift */ = {isa = PBXFileReference; fileEncoding = 4; lastKnownFileType = sourcecode.swift; name = LoginViewController.swift; path = Controller/LoginViewController.swift; sourceTree = "<group>"; };
/* End PBXFileReference section */

/* Begin PBXFrameworksBuildPhase section */
		FEDAFE4B1C422F80006055B6 /* Frameworks */ = {
			isa = PBXFrameworksBuildPhase;
			buildActionMask = 2147483647;
			files = (
			);
			runOnlyForDeploymentPostprocessing = 0;
		};
/* End PBXFrameworksBuildPhase section */

/* Begin PBXGroup section */
		FE1E56A21C4F3FD70042B258 /* Udacity */ = {
			isa = PBXGroup;
			children = (
				FE1E569E1C4F351E0042B258 /* UClient.swift */,
				FE1E56A01C4F38AB0042B258 /* UConstants.swift */,
			);
			name = Udacity;
			sourceTree = "<group>";
		};
		FEDAFE451C422F80006055B6 = {
			isa = PBXGroup;
			children = (
				FEDAFE501C422F81006055B6 /* On the Map */,
				FEDAFE4F1C422F80006055B6 /* Products */,
			);
			sourceTree = "<group>";
		};
		FEDAFE4F1C422F80006055B6 /* Products */ = {
			isa = PBXGroup;
			children = (
				FEDAFE4E1C422F80006055B6 /* On the Map.app */,
			);
			name = Products;
			sourceTree = "<group>";
		};
		FEDAFE501C422F81006055B6 /* On the Map */ = {
			isa = PBXGroup;
			children = (
				FEDAFE631C422FA2006055B6 /* Model */,
				FEDAFE641C422FBA006055B6 /* View */,
				FEDAFE651C422FC2006055B6 /* Controller */,
				FEDAFE511C422F81006055B6 /* AppDelegate.swift */,
				FEDAFE551C422F81006055B6 /* Main.storyboard */,
				FEDAFE581C422F81006055B6 /* Assets.xcassets */,
				FEDAFE5A1C422F81006055B6 /* LaunchScreen.storyboard */,
				FEDAFE5D1C422F81006055B6 /* Info.plist */,
			);
			path = "On the Map";
			sourceTree = "<group>";
		};
		FEDAFE631C422FA2006055B6 /* Model */ = {
			isa = PBXGroup;
			children = (
				FE1E56A21C4F3FD70042B258 /* Udacity */,
			);
			name = Model;
			sourceTree = "<group>";
		};
		FEDAFE641C422FBA006055B6 /* View */ = {
			isa = PBXGroup;
			children = (
			);
			name = View;
			sourceTree = "<group>";
		};
		FEDAFE651C422FC2006055B6 /* Controller */ = {
			isa = PBXGroup;
			children = (
				FEDAFE661C42332A006055B6 /* LoginViewController.swift */,
				FE6C2C421C5114A7004A0963 /* StudentsMapViewController.swift */,
				FE6C2C481C5132A9004A0963 /* StudentsListViewController.swift */,
			);
			name = Controller;
			sourceTree = "<group>";
		};
/* End PBXGroup section */

/* Begin PBXNativeTarget section */
		FEDAFE4D1C422F80006055B6 /* On the Map */ = {
			isa = PBXNativeTarget;
			buildConfigurationList = FEDAFE601C422F81006055B6 /* Build configuration list for PBXNativeTarget "On the Map" */;
			buildPhases = (
				FEDAFE4A1C422F80006055B6 /* Sources */,
				FEDAFE4B1C422F80006055B6 /* Frameworks */,
				FEDAFE4C1C422F80006055B6 /* Resources */,
			);
			buildRules = (
			);
			dependencies = (
			);
			name = "On the Map";
			productName = "On the Map";
			productReference = FEDAFE4E1C422F80006055B6 /* On the Map.app */;
			productType = "com.apple.product-type.application";
		};
/* End PBXNativeTarget section */

/* Begin PBXProject section */
		FEDAFE461C422F80006055B6 /* Project object */ = {
			isa = PBXProject;
			attributes = {
				LastSwiftUpdateCheck = 0720;
				LastUpgradeCheck = 0720;
				ORGANIZATIONNAME = "Wojtek Materka";
				TargetAttributes = {
					FEDAFE4D1C422F80006055B6 = {
						CreatedOnToolsVersion = 7.2;
						DevelopmentTeam = 8VHSCMB438;
					};
				};
			};
			buildConfigurationList = FEDAFE491C422F80006055B6 /* Build configuration list for PBXProject "On the Map" */;
			compatibilityVersion = "Xcode 3.2";
			developmentRegion = English;
			hasScannedForEncodings = 0;
			knownRegions = (
				en,
				Base,
			);
			mainGroup = FEDAFE451C422F80006055B6;
			productRefGroup = FEDAFE4F1C422F80006055B6 /* Products */;
			projectDirPath = "";
			projectRoot = "";
			targets = (
				FEDAFE4D1C422F80006055B6 /* On the Map */,
			);
		};
/* End PBXProject section */

/* Begin PBXResourcesBuildPhase section */
		FEDAFE4C1C422F80006055B6 /* Resources */ = {
			isa = PBXResourcesBuildPhase;
			buildActionMask = 2147483647;
			files = (
				FEDAFE5C1C422F81006055B6 /* LaunchScreen.storyboard in Resources */,
				FEDAFE591C422F81006055B6 /* Assets.xcassets in Resources */,
				FEDAFE571C422F81006055B6 /* Main.storyboard in Resources */,
			);
			runOnlyForDeploymentPostprocessing = 0;
		};
/* End PBXResourcesBuildPhase section */

/* Begin PBXSourcesBuildPhase section */
		FEDAFE4A1C422F80006055B6 /* Sources */ = {
			isa = PBXSourcesBuildPhase;
			buildActionMask = 2147483647;
			files = (
				FEDAFE671C42332A006055B6 /* LoginViewController.swift in Sources */,
				FE6C2C491C5132A9004A0963 /* StudentsListViewController.swift in Sources */,
				FE1E56A11C4F38AB0042B258 /* UConstants.swift in Sources */,
				FE1E569F1C4F351E0042B258 /* UClient.swift in Sources */,
				FE6C2C431C5114A7004A0963 /* StudentsMapViewController.swift in Sources */,
				FEDAFE521C422F81006055B6 /* AppDelegate.swift in Sources */,
			);
			runOnlyForDeploymentPostprocessing = 0;
		};
/* End PBXSourcesBuildPhase section */

/* Begin PBXVariantGroup section */
		FEDAFE551C422F81006055B6 /* Main.storyboard */ = {
			isa = PBXVariantGroup;
			children = (
				FEDAFE561C422F81006055B6 /* Base */,
			);
			name = Main.storyboard;
			sourceTree = "<group>";
		};
		FEDAFE5A1C422F81006055B6 /* LaunchScreen.storyboard */ = {
			isa = PBXVariantGroup;
			children = (
				FEDAFE5B1C422F81006055B6 /* Base */,
			);
			name = LaunchScreen.storyboard;
			sourceTree = "<group>";
		};
/* End PBXVariantGroup section */

/* Begin XCBuildConfiguration section */
		FEDAFE5E1C422F81006055B6 /* Debug */ = {
			isa = XCBuildConfiguration;
			buildSettings = {
				ALWAYS_SEARCH_USER_PATHS = NO;
				CLANG_CXX_LANGUAGE_STANDARD = "gnu++0x";
				CLANG_CXX_LIBRARY = "libc++";
				CLANG_ENABLE_MODULES = YES;
				CLANG_ENABLE_OBJC_ARC = YES;
				CLANG_WARN_BOOL_CONVERSION = YES;
				CLANG_WARN_CONSTANT_CONVERSION = YES;
				CLANG_WARN_DIRECT_OBJC_ISA_USAGE = YES_ERROR;
				CLANG_WARN_EMPTY_BODY = YES;
				CLANG_WARN_ENUM_CONVERSION = YES;
				CLANG_WARN_INT_CONVERSION = YES;
				CLANG_WARN_OBJC_ROOT_CLASS = YES_ERROR;
				CLANG_WARN_UNREACHABLE_CODE = YES;
				CLANG_WARN__DUPLICATE_METHOD_MATCH = YES;
				"CODE_SIGN_IDENTITY[sdk=iphoneos*]" = "iPhone Developer";
				COPY_PHASE_STRIP = NO;
				DEBUG_INFORMATION_FORMAT = dwarf;
				ENABLE_STRICT_OBJC_MSGSEND = YES;
				ENABLE_TESTABILITY = YES;
				GCC_C_LANGUAGE_STANDARD = gnu99;
				GCC_DYNAMIC_NO_PIC = NO;
				GCC_NO_COMMON_BLOCKS = YES;
				GCC_OPTIMIZATION_LEVEL = 0;
				GCC_PREPROCESSOR_DEFINITIONS = (
					"DEBUG=1",
					"$(inherited)",
				);
				GCC_WARN_64_TO_32_BIT_CONVERSION = YES;
				GCC_WARN_ABOUT_RETURN_TYPE = YES_ERROR;
				GCC_WARN_UNDECLARED_SELECTOR = YES;
				GCC_WARN_UNINITIALIZED_AUTOS = YES_AGGRESSIVE;
				GCC_WARN_UNUSED_FUNCTION = YES;
				GCC_WARN_UNUSED_VARIABLE = YES;
				IPHONEOS_DEPLOYMENT_TARGET = 9.2;
				MTL_ENABLE_DEBUG_INFO = YES;
				ONLY_ACTIVE_ARCH = YES;
				SDKROOT = iphoneos;
				SWIFT_OPTIMIZATION_LEVEL = "-Onone";
			};
			name = Debug;
		};
		FEDAFE5F1C422F81006055B6 /* Release */ = {
			isa = XCBuildConfiguration;
			buildSettings = {
				ALWAYS_SEARCH_USER_PATHS = NO;
				CLANG_CXX_LANGUAGE_STANDARD = "gnu++0x";
				CLANG_CXX_LIBRARY = "libc++";
				CLANG_ENABLE_MODULES = YES;
				CLANG_ENABLE_OBJC_ARC = YES;
				CLANG_WARN_BOOL_CONVERSION = YES;
				CLANG_WARN_CONSTANT_CONVERSION = YES;
				CLANG_WARN_DIRECT_OBJC_ISA_USAGE = YES_ERROR;
				CLANG_WARN_EMPTY_BODY = YES;
				CLANG_WARN_ENUM_CONVERSION = YES;
				CLANG_WARN_INT_CONVERSION = YES;
				CLANG_WARN_OBJC_ROOT_CLASS = YES_ERROR;
				CLANG_WARN_UNREACHABLE_CODE = YES;
				CLANG_WARN__DUPLICATE_METHOD_MATCH = YES;
				"CODE_SIGN_IDENTITY[sdk=iphoneos*]" = "iPhone Developer";
				COPY_PHASE_STRIP = NO;
				DEBUG_INFORMATION_FORMAT = "dwarf-with-dsym";
				ENABLE_NS_ASSERTIONS = NO;
				ENABLE_STRICT_OBJC_MSGSEND = YES;
				GCC_C_LANGUAGE_STANDARD = gnu99;
				GCC_NO_COMMON_BLOCKS = YES;
				GCC_WARN_64_TO_32_BIT_CONVERSION = YES;
				GCC_WARN_ABOUT_RETURN_TYPE = YES_ERROR;
				GCC_WARN_UNDECLARED_SELECTOR = YES;
				GCC_WARN_UNINITIALIZED_AUTOS = YES_AGGRESSIVE;
				GCC_WARN_UNUSED_FUNCTION = YES;
				GCC_WARN_UNUSED_VARIABLE = YES;
				IPHONEOS_DEPLOYMENT_TARGET = 9.2;
				MTL_ENABLE_DEBUG_INFO = NO;
				SDKROOT = iphoneos;
				VALIDATE_PRODUCT = YES;
			};
			name = Release;
		};
		FEDAFE611C422F81006055B6 /* Debug */ = {
			isa = XCBuildConfiguration;
			buildSettings = {
				ASSETCATALOG_COMPILER_APPICON_NAME = AppIcon;
				INFOPLIST_FILE = "On the Map/Info.plist";
				LD_RUNPATH_SEARCH_PATHS = "$(inherited) @executable_path/Frameworks";
				PRODUCT_BUNDLE_IDENTIFIER = "com.wojtekmaterka.On-the-Map";
				PRODUCT_NAME = "$(TARGET_NAME)";
			};
			name = Debug;
		};
		FEDAFE621C422F81006055B6 /* Release */ = {
			isa = XCBuildConfiguration;
			buildSettings = {
				ASSETCATALOG_COMPILER_APPICON_NAME = AppIcon;
				INFOPLIST_FILE = "On the Map/Info.plist";
				LD_RUNPATH_SEARCH_PATHS = "$(inherited) @executable_path/Frameworks";
				PRODUCT_BUNDLE_IDENTIFIER = "com.wojtekmaterka.On-the-Map";
				PRODUCT_NAME = "$(TARGET_NAME)";
			};
			name = Release;
		};
/* End XCBuildConfiguration section */

/* Begin XCConfigurationList section */
		FEDAFE491C422F80006055B6 /* Build configuration list for PBXProject "On the Map" */ = {
			isa = XCConfigurationList;
			buildConfigurations = (
				FEDAFE5E1C422F81006055B6 /* Debug */,
				FEDAFE5F1C422F81006055B6 /* Release */,
			);
			defaultConfigurationIsVisible = 0;
			defaultConfigurationName = Release;
		};
		FEDAFE601C422F81006055B6 /* Build configuration list for PBXNativeTarget "On the Map" */ = {
			isa = XCConfigurationList;
			buildConfigurations = (
				FEDAFE611C422F81006055B6 /* Debug */,
				FEDAFE621C422F81006055B6 /* Release */,
			);
			defaultConfigurationIsVisible = 0;
			defaultConfigurationName = Release;
		};
/* End XCConfigurationList section */
	};
	rootObject = FEDAFE461C422F80006055B6 /* Project object */;
}
